# THIS IS AN AUTOGENERATED FILE. DO NOT EDIT THIS FILE DIRECTLY.
# yarn lockfile v1


n@^8.1.0:
  version "8.1.0"
  resolved "https://registry.yarnpkg.com/n/-/n-8.1.0.tgz#4cda2992841db28e4d24335b985fe6df31dbedb7"
  integrity sha512-J8cb9e3Hb75Qs6cZ+McFY9toh+X3PnJOzyKMacC11etNo61bucIMAH+uuHrFCD3ELIdmcq9AAkoljowViCJMLw==

typescript@^4.6.3:
  version "4.6.3"
  resolved "https://registry.yarnpkg.com/typescript/-/typescript-4.6.3.tgz#eefeafa6afdd31d725584c67a0eaba80f6fc6c6c"
  integrity sha512-yNIatDa5iaofVozS/uQJEl3JRWLKKGJKh6Yaiv0GLGSuhpFJe7P3SbHZ8/yjAHRQwKRoA6YZqlfjXWmVzoVSMw==
